
Microsoft Visual Studio Solution File, Format Version 12.00
# Visual Studio Version 17
VisualStudioVersion = 17.14.36518.9
MinimumVisualStudioVersion = 10.0.40219.1
Project("{8BC9CEB8-8B4A-11D0-8D11-00A0C91BC942}") = "test", "test\test.vcxproj", "{43969950-A3AA-4F90-AD11-9CA98813456E}"
EndProject
Project("{8BC9CEB8-8B4A-11D0-8D11-00A0C91BC942}") = "p1f1", "p1f1\p1f1.vcxproj", "{7C46D971-4C7F-46D3-8945-3DCB1BB37DEE}"
EndProject
Project("{8BC9CEB8-8B4A-11D0-8D11-00A0C91BC942}") = "p1f2", "p1f2\p1f2.vcxproj", "{5B851ED1-752D-4CC2-B0C8-31633AB0FEF3}"
EndProject
Project("{8BC9CEB8-8B4A-11D0-8D11-00A0C91BC942}") = "p1f3", "p1f3\p1f3.vcxproj", "{CFED4D48-D6AA-4F02-823A-65367F464BEB}"
EndProject
Project("{8BC9CEB8-8B4A-11D0-8D11-00A0C91BC942}") = "plusoumoins", "plusoumoins\plusoumoins.vcxproj", "{44337A68-5B71-480B-AA91-568185432DEA}"
EndProject
Project("{8BC9CEB8-8B4A-11D0-8D11-00A0C91BC942}") = "p2f1", "p2f1\p2f1.vcxproj", "{45D231FD-E74C-4C06-BBF3-7CBFE8A03A33}"
EndProject
Project("{8BC9CEB8-8B4A-11D0-8D11-00A0C91BC942}") = "p2f3", "p2f3\p2f3.vcxproj", "{D9DFD4BD-7F21-447A-B1D9-99B0C91662EC}"
EndProject
Project("{8BC9CEB8-8B4A-11D0-8D11-00A0C91BC942}") = "p2f5", "p2f5\p2f5.vcxproj", "{680DD7AB-B437-4B09-9C10-50F53466DD29}"
EndProject
Project("{8BC9CEB8-8B4A-11D0-8D11-00A0C91BC942}") = "p2f6", "p2f6\p2f6.vcxproj", "{FF3681DE-3CBA-4556-B200-7D1E1A853C27}"
EndProject
Project("{8BC9CEB8-8B4A-11D0-8D11-00A0C91BC942}") = "p2f7", "p2f7\p2f7.vcxproj", "{A31D97E5-91F7-48F9-91FF-971A80B7219B}"
EndProject
Project("{8BC9CEB8-8B4A-11D0-8D11-00A0C91BC942}") = "p3f1", "p3f1\p3f1.vcxproj", "{18B28C4D-D5D8-4388-A148-5BA4256ED44D}"
EndProject
Project("{8BC9CEB8-8B4A-11D0-8D11-00A0C91BC942}") = "p3f2", "p3f2\p3f2.vcxproj", "{AECEE745-EE8F-4779-B65F-6A4B6836646A}"
EndProject
Global
	GlobalSection(SolutionConfigurationPlatforms) = preSolution
		Debug|x64 = Debug|x64
		Debug|x86 = Debug|x86
		Release|x64 = Release|x64
		Release|x86 = Release|x86
	EndGlobalSection
	GlobalSection(ProjectConfigurationPlatforms) = postSolution
		{43969950-A3AA-4F90-AD11-9CA98813456E}.Debug|x64.ActiveCfg = Debug|x64
		{43969950-A3AA-4F90-AD11-9CA98813456E}.Debug|x64.Build.0 = Debug|x64
		{43969950-A3AA-4F90-AD11-9CA98813456E}.Debug|x86.ActiveCfg = Debug|Win32
		{43969950-A3AA-4F90-AD11-9CA98813456E}.Debug|x86.Build.0 = Debug|Win32
		{43969950-A3AA-4F90-AD11-9CA98813456E}.Release|x64.ActiveCfg = Release|x64
		{43969950-A3AA-4F90-AD11-9CA98813456E}.Release|x64.Build.0 = Release|x64
		{43969950-A3AA-4F90-AD11-9CA98813456E}.Release|x86.ActiveCfg = Release|Win32
		{43969950-A3AA-4F90-AD11-9CA98813456E}.Release|x86.Build.0 = Release|Win32
		{7C46D971-4C7F-46D3-8945-3DCB1BB37DEE}.Debug|x64.ActiveCfg = Debug|x64
		{7C46D971-4C7F-46D3-8945-3DCB1BB37DEE}.Debug|x64.Build.0 = Debug|x64
		{7C46D971-4C7F-46D3-8945-3DCB1BB37DEE}.Debug|x86.ActiveCfg = Debug|Win32
		{7C46D971-4C7F-46D3-8945-3DCB1BB37DEE}.Debug|x86.Build.0 = Debug|Win32
		{7C46D971-4C7F-46D3-8945-3DCB1BB37DEE}.Release|x64.ActiveCfg = Release|x64
		{7C46D971-4C7F-46D3-8945-3DCB1BB37DEE}.Release|x64.Build.0 = Release|x64
		{7C46D971-4C7F-46D3-8945-3DCB1BB37DEE}.Release|x86.ActiveCfg = Release|Win32
		{7C46D971-4C7F-46D3-8945-3DCB1BB37DEE}.Release|x86.Build.0 = Release|Win32
		{5B851ED1-752D-4CC2-B0C8-31633AB0FEF3}.Debug|x64.ActiveCfg = Debug|x64
		{5B851ED1-752D-4CC2-B0C8-31633AB0FEF3}.Debug|x64.Build.0 = Debug|x64
		{5B851ED1-752D-4CC2-B0C8-31633AB0FEF3}.Debug|x86.ActiveCfg = Debug|Win32
		{5B851ED1-752D-4CC2-B0C8-31633AB0FEF3}.Debug|x86.Build.0 = Debug|Win32
		{5B851ED1-752D-4CC2-B0C8-31633AB0FEF3}.Release|x64.ActiveCfg = Release|x64
		{5B851ED1-752D-4CC2-B0C8-31633AB0FEF3}.Release|x64.Build.0 = Release|x64
		{5B851ED1-752D-4CC2-B0C8-31633AB0FEF3}.Release|x86.ActiveCfg = Release|Win32
		{5B851ED1-752D-4CC2-B0C8-31633AB0FEF3}.Release|x86.Build.0 = Release|Win32
		{CFED4D48-D6AA-4F02-823A-65367F464BEB}.Debug|x64.ActiveCfg = Debug|x64
		{CFED4D48-D6AA-4F02-823A-65367F464BEB}.Debug|x64.Build.0 = Debug|x64
		{CFED4D48-D6AA-4F02-823A-65367F464BEB}.Debug|x86.ActiveCfg = Debug|Win32
		{CFED4D48-D6AA-4F02-823A-65367F464BEB}.Debug|x86.Build.0 = Debug|Win32
		{CFED4D48-D6AA-4F02-823A-65367F464BEB}.Release|x64.ActiveCfg = Release|x64
		{CFED4D48-D6AA-4F02-823A-65367F464BEB}.Release|x64.Build.0 = Release|x64
		{CFED4D48-D6AA-4F02-823A-65367F464BEB}.Release|x86.ActiveCfg = Release|Win32
		{CFED4D48-D6AA-4F02-823A-65367F464BEB}.Release|x86.Build.0 = Release|Win32
		{44337A68-5B71-480B-AA91-568185432DEA}.Debug|x64.ActiveCfg = Debug|x64
		{44337A68-5B71-480B-AA91-568185432DEA}.Debug|x64.Build.0 = Debug|x64
		{44337A68-5B71-480B-AA91-568185432DEA}.Debug|x86.ActiveCfg = Debug|Win32
		{44337A68-5B71-480B-AA91-568185432DEA}.Debug|x86.Build.0 = Debug|Win32
		{44337A68-5B71-480B-AA91-568185432DEA}.Release|x64.ActiveCfg = Release|x64
		{44337A68-5B71-480B-AA91-568185432DEA}.Release|x64.Build.0 = Release|x64
		{44337A68-5B71-480B-AA91-568185432DEA}.Release|x86.ActiveCfg = Release|Win32
		{44337A68-5B71-480B-AA91-568185432DEA}.Release|x86.Build.0 = Release|Win32
		{45D231FD-E74C-4C06-BBF3-7CBFE8A03A33}.Debug|x64.ActiveCfg = Debug|x64
		{45D231FD-E74C-4C06-BBF3-7CBFE8A03A33}.Debug|x64.Build.0 = Debug|x64
		{45D231FD-E74C-4C06-BBF3-7CBFE8A03A33}.Debug|x86.ActiveCfg = Debug|Win32
		{45D231FD-E74C-4C06-BBF3-7CBFE8A03A33}.Debug|x86.Build.0 = Debug|Win32
		{45D231FD-E74C-4C06-BBF3-7CBFE8A03A33}.Release|x64.ActiveCfg = Release|x64
		{45D231FD-E74C-4C06-BBF3-7CBFE8A03A33}.Release|x64.Build.0 = Release|x64
		{45D231FD-E74C-4C06-BBF3-7CBFE8A03A33}.Release|x86.ActiveCfg = Release|Win32
		{45D231FD-E74C-4C06-BBF3-7CBFE8A03A33}.Release|x86.Build.0 = Release|Win32
		{D9DFD4BD-7F21-447A-B1D9-99B0C91662EC}.Debug|x64.ActiveCfg = Debug|x64
		{D9DFD4BD-7F21-447A-B1D9-99B0C91662EC}.Debug|x64.Build.0 = Debug|x64
		{D9DFD4BD-7F21-447A-B1D9-99B0C91662EC}.Debug|x86.ActiveCfg = Debug|Win32
		{D9DFD4BD-7F21-447A-B1D9-99B0C91662EC}.Debug|x86.Build.0 = Debug|Win32
		{D9DFD4BD-7F21-447A-B1D9-99B0C91662EC}.Release|x64.ActiveCfg = Release|x64
		{D9DFD4BD-7F21-447A-B1D9-99B0C91662EC}.Release|x64.Build.0 = Release|x64
		{D9DFD4BD-7F21-447A-B1D9-99B0C91662EC}.Release|x86.ActiveCfg = Release|Win32
		{D9DFD4BD-7F21-447A-B1D9-99B0C91662EC}.Release|x86.Build.0 = Release|Win32
		{680DD7AB-B437-4B09-9C10-50F53466DD29}.Debug|x64.ActiveCfg = Debug|x64
		{680DD7AB-B437-4B09-9C10-50F53466DD29}.Debug|x64.Build.0 = Debug|x64
		{680DD7AB-B437-4B09-9C10-50F53466DD29}.Debug|x86.ActiveCfg = Debug|Win32
		{680DD7AB-B437-4B09-9C10-50F53466DD29}.Debug|x86.Build.0 = Debug|Win32
		{680DD7AB-B437-4B09-9C10-50F53466DD29}.Release|x64.ActiveCfg = Release|x64
		{680DD7AB-B437-4B09-9C10-50F53466DD29}.Release|x64.Build.0 = Release|x64
		{680DD7AB-B437-4B09-9C10-50F53466DD29}.Release|x86.ActiveCfg = Release|Win32
		{680DD7AB-B437-4B09-9C10-50F53466DD29}.Release|x86.Build.0 = Release|Win32
		{FF3681DE-3CBA-4556-B200-7D1E1A853C27}.Debug|x64.ActiveCfg = Debug|x64
		{FF3681DE-3CBA-4556-B200-7D1E1A853C27}.Debug|x64.Build.0 = Debug|x64
		{FF3681DE-3CBA-4556-B200-7D1E1A853C27}.Debug|x86.ActiveCfg = Debug|Win32
		{FF3681DE-3CBA-4556-B200-7D1E1A853C27}.Debug|x86.Build.0 = Debug|Win32
		{FF3681DE-3CBA-4556-B200-7D1E1A853C27}.Release|x64.ActiveCfg = Release|x64
		{FF3681DE-3CBA-4556-B200-7D1E1A853C27}.Release|x64.Build.0 = Release|x64
		{FF3681DE-3CBA-4556-B200-7D1E1A853C27}.Release|x86.ActiveCfg = Release|Win32
		{FF3681DE-3CBA-4556-B200-7D1E1A853C27}.Release|x86.Build.0 = Release|Win32
		{A31D97E5-91F7-48F9-91FF-971A80B7219B}.Debug|x64.ActiveCfg = Debug|x64
		{A31D97E5-91F7-48F9-91FF-971A80B7219B}.Debug|x64.Build.0 = Debug|x64
		{A31D97E5-91F7-48F9-91FF-971A80B7219B}.Debug|x86.ActiveCfg = Debug|Win32
		{A31D97E5-91F7-48F9-91FF-971A80B7219B}.Debug|x86.Build.0 = Debug|Win32
		{A31D97E5-91F7-48F9-91FF-971A80B7219B}.Release|x64.ActiveCfg = Release|x64
		{A31D97E5-91F7-48F9-91FF-971A80B7219B}.Release|x64.Build.0 = Release|x64
		{A31D97E5-91F7-48F9-91FF-971A80B7219B}.Release|x86.ActiveCfg = Release|Win32
		{A31D97E5-91F7-48F9-91FF-971A80B7219B}.Release|x86.Build.0 = Release|Win32
		{18B28C4D-D5D8-4388-A148-5BA4256ED44D}.Debug|x64.ActiveCfg = Debug|x64
		{18B28C4D-D5D8-4388-A148-5BA4256ED44D}.Debug|x64.Build.0 = Debug|x64
		{18B28C4D-D5D8-4388-A148-5BA4256ED44D}.Debug|x86.ActiveCfg = Debug|Win32
		{18B28C4D-D5D8-4388-A148-5BA4256ED44D}.Debug|x86.Build.0 = Debug|Win32
		{18B28C4D-D5D8-4388-A148-5BA4256ED44D}.Release|x64.ActiveCfg = Release|x64
		{18B28C4D-D5D8-4388-A148-5BA4256ED44D}.Release|x64.Build.0 = Release|x64
		{18B28C4D-D5D8-4388-A148-5BA4256ED44D}.Release|x86.ActiveCfg = Release|Win32
		{18B28C4D-D5D8-4388-A148-5BA4256ED44D}.Release|x86.Build.0 = Release|Win32
		{AECEE745-EE8F-4779-B65F-6A4B6836646A}.Debug|x64.ActiveCfg = Debug|x64
		{AECEE745-EE8F-4779-B65F-6A4B6836646A}.Debug|x64.Build.0 = Debug|x64
		{AECEE745-EE8F-4779-B65F-6A4B6836646A}.Debug|x86.ActiveCfg = Debug|Win32
		{AECEE745-EE8F-4779-B65F-6A4B6836646A}.Debug|x86.Build.0 = Debug|Win32
		{AECEE745-EE8F-4779-B65F-6A4B6836646A}.Release|x64.ActiveCfg = Release|x64
		{AECEE745-EE8F-4779-B65F-6A4B6836646A}.Release|x64.Build.0 = Release|x64
		{AECEE745-EE8F-4779-B65F-6A4B6836646A}.Release|x86.ActiveCfg = Release|Win32
		{AECEE745-EE8F-4779-B65F-6A4B6836646A}.Release|x86.Build.0 = Release|Win32
	EndGlobalSection
	GlobalSection(SolutionProperties) = preSolution
		HideSolutionNode = FALSE
	EndGlobalSection
	GlobalSection(ExtensibilityGlobals) = postSolution
		SolutionGuid = {1C03E190-2CF2-42CF-9952-D2C089FBC51A}
	EndGlobalSection
EndGlobal
